
Microsoft Visual Studio Solution File, Format Version 12.00
# Visual Studio Version 16
VisualStudioVersion = 16.0.28803.352
MinimumVisualStudioVersion = 10.0.40219.1
Project("{2150E333-8FDC-42A3-9474-1A3956D46DE8}") = "Solution Items", "Solution Items", "{391ACB85-945C-4798-A486-03F9EB1EBFC2}"
	ProjectSection(SolutionItems) = preProject
		.gitattributes = .gitattributes
		.gitignore = .gitignore
		.tfignore = .tfignore
		.nuget\nuget.config = .nuget\nuget.config
	EndProjectSection
EndProject
Project("{2150E333-8FDC-42A3-9474-1A3956D46DE8}") = "Standard", "Standard", "{4286CD0A-AF03-453E-837E-E0C89AEB790A}"
EndProject
Project("{9A19103F-16F7-4668-BE54-9A1E7A4F7556}") = "asm", "Standard\asm\asm.csproj", "{F990C776-FFBE-4323-BF26-DEBF8EAF8892}"
EndProject
Project("{9A19103F-16F7-4668-BE54-9A1E7A4F7556}") = "asm.Data", "Standard\asm.Data\asm.Data.csproj", "{0D973F88-8D76-48F3-9856-6D9FB18EF779}"
EndProject
Project("{9A19103F-16F7-4668-BE54-9A1E7A4F7556}") = "asm.Drawing", "Standard\asm.Drawing\asm.Drawing.csproj", "{D8AABBFD-F906-4902-9285-874FA05E3E74}"
EndProject
Project("{2150E333-8FDC-42A3-9474-1A3956D46DE8}") = "Legacy", "Legacy", "{591D5F22-6872-4AE0-B802-98E4223B280F}"
EndProject
Project("{FAE04EC0-301F-11D3-BF4B-00C04F79EFBC}") = "asm.Web", "Legacy\asm.Web\asm.Web.csproj", "{93E1C15A-BB8F-49E3-A5F4-F31990BA545C}"
EndProject
Project("{FAE04EC0-301F-11D3-BF4B-00C04F79EFBC}") = "asm.Web.Mvc", "Legacy\asm.Web.Mvc\asm.Web.Mvc.csproj", "{DE3E279B-B0D5-4ACD-9AFC-342431734E2C}"
EndProject
Project("{FAE04EC0-301F-11D3-BF4B-00C04F79EFBC}") = "asm.Windows", "Legacy\asm.Windows\asm.Windows.csproj", "{F1C40361-05A1-4932-B06B-AB2BE3129EDE}"
EndProject
Project("{2150E333-8FDC-42A3-9474-1A3956D46DE8}") = "3rd Party", "3rd Party", "{BA7CE4EE-94A5-4FCD-9A8D-EC820B35B82F}"
EndProject
Project("{FAE04EC0-301F-11D3-BF4B-00C04F79EFBC}") = "asm.DevExpress", "Legacy\3rdParty\asm.DevExpress\asm.DevExpress.csproj", "{46EE519F-76BB-456E-8AE3-43E0AAE0A0B8}"
EndProject
Project("{FAE04EC0-301F-11D3-BF4B-00C04F79EFBC}") = "asm.Windows.Actipro", "Legacy\3rdParty\asm.Windows.Actipro\asm.Windows.Actipro.csproj", "{8A0A4951-E676-4183-A3D2-4368C48D268D}"
EndProject
Global
	GlobalSection(SolutionConfigurationPlatforms) = preSolution
		Debug|Any CPU = Debug|Any CPU
		Independent|Any CPU = Independent|Any CPU
		Release|Any CPU = Release|Any CPU
	EndGlobalSection
	GlobalSection(ProjectConfigurationPlatforms) = postSolution
		{F990C776-FFBE-4323-BF26-DEBF8EAF8892}.Debug|Any CPU.ActiveCfg = Debug|Any CPU
		{F990C776-FFBE-4323-BF26-DEBF8EAF8892}.Debug|Any CPU.Build.0 = Debug|Any CPU
		{F990C776-FFBE-4323-BF26-DEBF8EAF8892}.Independent|Any CPU.ActiveCfg = Release|Any CPU
		{F990C776-FFBE-4323-BF26-DEBF8EAF8892}.Independent|Any CPU.Build.0 = Release|Any CPU
		{F990C776-FFBE-4323-BF26-DEBF8EAF8892}.Release|Any CPU.ActiveCfg = Release|Any CPU
		{F990C776-FFBE-4323-BF26-DEBF8EAF8892}.Release|Any CPU.Build.0 = Release|Any CPU
		{0D973F88-8D76-48F3-9856-6D9FB18EF779}.Debug|Any CPU.ActiveCfg = Debug|Any CPU
		{0D973F88-8D76-48F3-9856-6D9FB18EF779}.Debug|Any CPU.Build.0 = Debug|Any CPU
		{0D973F88-8D76-48F3-9856-6D9FB18EF779}.Independent|Any CPU.ActiveCfg = Debug|Any CPU
		{0D973F88-8D76-48F3-9856-6D9FB18EF779}.Independent|Any CPU.Build.0 = Debug|Any CPU
		{0D973F88-8D76-48F3-9856-6D9FB18EF779}.Release|Any CPU.ActiveCfg = Release|Any CPU
		{0D973F88-8D76-48F3-9856-6D9FB18EF779}.Release|Any CPU.Build.0 = Release|Any CPU
		{D8AABBFD-F906-4902-9285-874FA05E3E74}.Debug|Any CPU.ActiveCfg = Debug|Any CPU
		{D8AABBFD-F906-4902-9285-874FA05E3E74}.Debug|Any CPU.Build.0 = Debug|Any CPU
		{D8AABBFD-F906-4902-9285-874FA05E3E74}.Independent|Any CPU.ActiveCfg = Debug|Any CPU
		{D8AABBFD-F906-4902-9285-874FA05E3E74}.Independent|Any CPU.Build.0 = Debug|Any CPU
		{D8AABBFD-F906-4902-9285-874FA05E3E74}.Release|Any CPU.ActiveCfg = Release|Any CPU
		{D8AABBFD-F906-4902-9285-874FA05E3E74}.Release|Any CPU.Build.0 = Release|Any CPU
		{93E1C15A-BB8F-49E3-A5F4-F31990BA545C}.Debug|Any CPU.ActiveCfg = Debug|Any CPU
		{93E1C15A-BB8F-49E3-A5F4-F31990BA545C}.Debug|Any CPU.Build.0 = Debug|Any CPU
		{93E1C15A-BB8F-49E3-A5F4-F31990BA545C}.Independent|Any CPU.ActiveCfg = Independent|Any CPU
		{93E1C15A-BB8F-49E3-A5F4-F31990BA545C}.Independent|Any CPU.Build.0 = Independent|Any CPU
		{93E1C15A-BB8F-49E3-A5F4-F31990BA545C}.Release|Any CPU.ActiveCfg = Release|Any CPU
		{93E1C15A-BB8F-49E3-A5F4-F31990BA545C}.Release|Any CPU.Build.0 = Release|Any CPU
		{DE3E279B-B0D5-4ACD-9AFC-342431734E2C}.Debug|Any CPU.ActiveCfg = Debug|Any CPU
		{DE3E279B-B0D5-4ACD-9AFC-342431734E2C}.Debug|Any CPU.Build.0 = Debug|Any CPU
		{DE3E279B-B0D5-4ACD-9AFC-342431734E2C}.Independent|Any CPU.ActiveCfg = Independent|Any CPU
		{DE3E279B-B0D5-4ACD-9AFC-342431734E2C}.Independent|Any CPU.Build.0 = Independent|Any CPU
		{DE3E279B-B0D5-4ACD-9AFC-342431734E2C}.Release|Any CPU.ActiveCfg = Release|Any CPU
		{DE3E279B-B0D5-4ACD-9AFC-342431734E2C}.Release|Any CPU.Build.0 = Release|Any CPU
		{F1C40361-05A1-4932-B06B-AB2BE3129EDE}.Debug|Any CPU.ActiveCfg = Debug|Any CPU
		{F1C40361-05A1-4932-B06B-AB2BE3129EDE}.Debug|Any CPU.Build.0 = Debug|Any CPU
		{F1C40361-05A1-4932-B06B-AB2BE3129EDE}.Independent|Any CPU.ActiveCfg = Independent|Any CPU
		{F1C40361-05A1-4932-B06B-AB2BE3129EDE}.Independent|Any CPU.Build.0 = Independent|Any CPU
		{F1C40361-05A1-4932-B06B-AB2BE3129EDE}.Release|Any CPU.ActiveCfg = Release|Any CPU
		{F1C40361-05A1-4932-B06B-AB2BE3129EDE}.Release|Any CPU.Build.0 = Release|Any CPU
		{46EE519F-76BB-456E-8AE3-43E0AAE0A0B8}.Debug|Any CPU.ActiveCfg = Debug|Any CPU
		{46EE519F-76BB-456E-8AE3-43E0AAE0A0B8}.Debug|Any CPU.Build.0 = Debug|Any CPU
		{46EE519F-76BB-456E-8AE3-43E0AAE0A0B8}.Independent|Any CPU.ActiveCfg = Independent|Any CPU
		{46EE519F-76BB-456E-8AE3-43E0AAE0A0B8}.Independent|Any CPU.Build.0 = Independent|Any CPU
		{46EE519F-76BB-456E-8AE3-43E0AAE0A0B8}.Release|Any CPU.ActiveCfg = Release|Any CPU
		{46EE519F-76BB-456E-8AE3-43E0AAE0A0B8}.Release|Any CPU.Build.0 = Release|Any CPU
		{8A0A4951-E676-4183-A3D2-4368C48D268D}.Debug|Any CPU.ActiveCfg = Debug|Any CPU
		{8A0A4951-E676-4183-A3D2-4368C48D268D}.Debug|Any CPU.Build.0 = Debug|Any CPU
		{8A0A4951-E676-4183-A3D2-4368C48D268D}.Independent|Any CPU.ActiveCfg = Independent|Any CPU
		{8A0A4951-E676-4183-A3D2-4368C48D268D}.Independent|Any CPU.Build.0 = Independent|Any CPU
		{8A0A4951-E676-4183-A3D2-4368C48D268D}.Release|Any CPU.ActiveCfg = Release|Any CPU
		{8A0A4951-E676-4183-A3D2-4368C48D268D}.Release|Any CPU.Build.0 = Release|Any CPU
	EndGlobalSection
	GlobalSection(SolutionProperties) = preSolution
		HideSolutionNode = FALSE
	EndGlobalSection
	GlobalSection(NestedProjects) = preSolution
		{F990C776-FFBE-4323-BF26-DEBF8EAF8892} = {4286CD0A-AF03-453E-837E-E0C89AEB790A}
		{0D973F88-8D76-48F3-9856-6D9FB18EF779} = {4286CD0A-AF03-453E-837E-E0C89AEB790A}
		{D8AABBFD-F906-4902-9285-874FA05E3E74} = {4286CD0A-AF03-453E-837E-E0C89AEB790A}
		{93E1C15A-BB8F-49E3-A5F4-F31990BA545C} = {591D5F22-6872-4AE0-B802-98E4223B280F}
		{DE3E279B-B0D5-4ACD-9AFC-342431734E2C} = {591D5F22-6872-4AE0-B802-98E4223B280F}
		{F1C40361-05A1-4932-B06B-AB2BE3129EDE} = {591D5F22-6872-4AE0-B802-98E4223B280F}
		{BA7CE4EE-94A5-4FCD-9A8D-EC820B35B82F} = {591D5F22-6872-4AE0-B802-98E4223B280F}
		{46EE519F-76BB-456E-8AE3-43E0AAE0A0B8} = {BA7CE4EE-94A5-4FCD-9A8D-EC820B35B82F}
		{8A0A4951-E676-4183-A3D2-4368C48D268D} = {BA7CE4EE-94A5-4FCD-9A8D-EC820B35B82F}
	EndGlobalSection
	GlobalSection(ExtensibilityGlobals) = postSolution
		SolutionGuid = {0FC74135-8B97-4985-8590-289165C5ECDB}
	EndGlobalSection
EndGlobal
