
Microsoft Visual Studio Solution File, Format Version 12.00
# Visual Studio Version 17
VisualStudioVersion = 17.0.32014.148
MinimumVisualStudioVersion = 10.0.40219.1
Project("{2150E333-8FDC-42A3-9474-1A3956D46DE8}") = "Solution Items", "Solution Items", "{391ACB85-945C-4798-A486-03F9EB1EBFC2}"
	ProjectSection(SolutionItems) = preProject
		.gitattributes = .gitattributes
		.gitignore = .gitignore
		.tfignore = .tfignore
		buckramega.png = buckramega.png
		LICENSE.md = LICENSE.md
		.nuget\nuget.config = .nuget\nuget.config
		publish.bat = publish.bat
		sign.pfx = sign.pfx
	EndProjectSection
EndProject
Project("{9A19103F-16F7-4668-BE54-9A1E7A4F7556}") = "essentialMix", "essentialMix\essentialMix.csproj", "{F990C776-FFBE-4323-BF26-DEBF8EAF8892}"
EndProject
Project("{9A19103F-16F7-4668-BE54-9A1E7A4F7556}") = "essentialMix.Collections", "essentialMix.Collections\essentialMix.Collections.csproj", "{619DCB71-8D65-4D68-9D81-C043897767C7}"
EndProject
Project("{9A19103F-16F7-4668-BE54-9A1E7A4F7556}") = "essentialMix.Compression", "essentialMix.Compression\essentialMix.Compression.csproj", "{74B9AFAA-6BB2-4F12-9BBE-A80896AC7694}"
EndProject
Project("{9A19103F-16F7-4668-BE54-9A1E7A4F7556}") = "essentialMix.Cryptography", "essentialMix.Cryptography\essentialMix.Cryptography.csproj", "{D4F7BEBE-56E0-41B1-8545-B48FA72FD648}"
EndProject
Project("{9A19103F-16F7-4668-BE54-9A1E7A4F7556}") = "essentialMix.Data", "essentialMix.Data\essentialMix.Data.csproj", "{0D973F88-8D76-48F3-9856-6D9FB18EF779}"
EndProject
Project("{9A19103F-16F7-4668-BE54-9A1E7A4F7556}") = "essentialMix.Data.MSSQL", "essentialMix.Data.MSSQL\essentialMix.Data.MSSQL.csproj", "{75F249B6-1672-4DB3-875E-E0FB99E9159E}"
EndProject
Project("{9A19103F-16F7-4668-BE54-9A1E7A4F7556}") = "essentialMix.Data.MySql", "essentialMix.Data.MySql\essentialMix.Data.MySql.csproj", "{D7D8820D-DCED-4CD4-AAAE-CB64F2CAEBCA}"
EndProject
Project("{9A19103F-16F7-4668-BE54-9A1E7A4F7556}") = "essentialMix.Data.Odbc", "essentialMix.Data.Odbc\essentialMix.Data.Odbc.csproj", "{7B3FC3CD-7A49-4DF0-B924-F6BE6E26F44F}"
EndProject
Project("{9A19103F-16F7-4668-BE54-9A1E7A4F7556}") = "essentialMix.Data.Oracle", "essentialMix.Data.Oracle\essentialMix.Data.Oracle.csproj", "{06C787B7-FA96-4A27-BD04-746CC861E6D1}"
EndProject
Project("{9A19103F-16F7-4668-BE54-9A1E7A4F7556}") = "essentialMix.Data.SQLite", "essentialMix.Data.SQLite\essentialMix.Data.SQLite.csproj", "{BDA13A0F-46AA-4660-89FE-C9F68FC627C5}"
EndProject
Project("{9A19103F-16F7-4668-BE54-9A1E7A4F7556}") = "essentialMix.Drawing", "essentialMix.Drawing\essentialMix.Drawing.csproj", "{D8AABBFD-F906-4902-9285-874FA05E3E74}"
EndProject
Project("{9A19103F-16F7-4668-BE54-9A1E7A4F7556}") = "essentialMix.Exceptions", "essentialMix.Exceptions\essentialMix.Exceptions.csproj", "{54122B8A-E0FC-4137-B232-8709F445CAF6}"
EndProject
Project("{9A19103F-16F7-4668-BE54-9A1E7A4F7556}") = "essentialMix.Extensions.Configuration", "essentialMix.Extensions.Configuration\essentialMix.Extensions.Configuration.csproj", "{F9580CCD-FE6C-495A-B927-583786063878}"
EndProject
Project("{9A19103F-16F7-4668-BE54-9A1E7A4F7556}") = "essentialMix.Json.Abstraction", "essentialMix.Json.Abstraction\essentialMix.Json.Abstraction.csproj", "{C21D6151-0E09-46E6-9161-CC0E34F0886F}"
EndProject
Project("{9A19103F-16F7-4668-BE54-9A1E7A4F7556}") = "essentialMix.Logging", "essentialMix.Logging\essentialMix.Logging.csproj", "{F149F5A4-E4D5-4D72-ACDD-D304BC75AF27}"
EndProject
Project("{9A19103F-16F7-4668-BE54-9A1E7A4F7556}") = "essentialMix.Network", "essentialMix.Network\essentialMix.Network.csproj", "{DA2F034E-F4F2-4F02-95CC-225D69522D04}"
EndProject
Project("{9A19103F-16F7-4668-BE54-9A1E7A4F7556}") = "essentialMix.Newtonsoft", "essentialMix.NewtonSoft\essentialMix.Newtonsoft.csproj", "{7E8D64FC-A14B-416B-B54B-02D16D667F09}"
EndProject
Project("{9A19103F-16F7-4668-BE54-9A1E7A4F7556}") = "essentialMix.Threading", "essentialMix.Threading\essentialMix.Threading.csproj", "{147FFAE4-4340-4222-B232-15FDE6B85F7F}"
EndProject
Project("{9A19103F-16F7-4668-BE54-9A1E7A4F7556}") = "Test.App", "Test.App\Test.App.csproj", "{A53E2FAB-033C-4569-BEA5-62974217D6F6}"
EndProject
Project("{9A19103F-16F7-4668-BE54-9A1E7A4F7556}") = "Test.Common", "Test.Common\Test.Common.csproj", "{BA69395B-858A-4237-B38A-9B6239549E78}"
EndProject
Project("{9A19103F-16F7-4668-BE54-9A1E7A4F7556}") = "essentialMix.Windows", "essentialMix.Windows\essentialMix.Windows.csproj", "{4AA0367F-D78E-4C0E-8F73-7A6D35F11E69}"
EndProject
Project("{9A19103F-16F7-4668-BE54-9A1E7A4F7556}") = "essentialMix.Messaging", "essentialMix.Messaging\essentialMix.Messaging.csproj", "{4F85E0CC-A22C-47C0-812C-6D50AC6299D8}"
EndProject
Project("{9A19103F-16F7-4668-BE54-9A1E7A4F7556}") = "essentialMix.RabbitMQ", "essentialMix.RabbitMQ\essentialMix.RabbitMQ.csproj", "{A8E7593B-760A-4FCA-8889-0A59829BD2AC}"
EndProject
Project("{9A19103F-16F7-4668-BE54-9A1E7A4F7556}") = "essentialMix.Template", "essentialMix.Template\essentialMix.Template.csproj", "{131C5264-F4A1-4914-A1AA-CB63C7437A39}"
EndProject
Global
	GlobalSection(SolutionConfigurationPlatforms) = preSolution
		Debug|Any CPU = Debug|Any CPU
		Debug|x64 = Debug|x64
		Debug|x86 = Debug|x86
		Demo|Any CPU = Demo|Any CPU
		Demo|x64 = Demo|x64
		Demo|x86 = Demo|x86
		Release|Any CPU = Release|Any CPU
		Release|x64 = Release|x64
		Release|x86 = Release|x86
		Staging|Any CPU = Staging|Any CPU
		Staging|x64 = Staging|x64
		Staging|x86 = Staging|x86
	EndGlobalSection
	GlobalSection(ProjectConfigurationPlatforms) = postSolution
		{F990C776-FFBE-4323-BF26-DEBF8EAF8892}.Debug|Any CPU.ActiveCfg = Debug|Any CPU
		{F990C776-FFBE-4323-BF26-DEBF8EAF8892}.Debug|Any CPU.Build.0 = Debug|Any CPU
		{F990C776-FFBE-4323-BF26-DEBF8EAF8892}.Debug|x64.ActiveCfg = Debug|x64
		{F990C776-FFBE-4323-BF26-DEBF8EAF8892}.Debug|x64.Build.0 = Debug|x64
		{F990C776-FFBE-4323-BF26-DEBF8EAF8892}.Debug|x86.ActiveCfg = Debug|x86
		{F990C776-FFBE-4323-BF26-DEBF8EAF8892}.Debug|x86.Build.0 = Debug|x86
		{F990C776-FFBE-4323-BF26-DEBF8EAF8892}.Demo|Any CPU.ActiveCfg = Debug|Any CPU
		{F990C776-FFBE-4323-BF26-DEBF8EAF8892}.Demo|Any CPU.Build.0 = Debug|Any CPU
		{F990C776-FFBE-4323-BF26-DEBF8EAF8892}.Demo|x64.ActiveCfg = Debug|x64
		{F990C776-FFBE-4323-BF26-DEBF8EAF8892}.Demo|x64.Build.0 = Debug|x64
		{F990C776-FFBE-4323-BF26-DEBF8EAF8892}.Demo|x86.ActiveCfg = Debug|x86
		{F990C776-FFBE-4323-BF26-DEBF8EAF8892}.Demo|x86.Build.0 = Debug|x86
		{F990C776-FFBE-4323-BF26-DEBF8EAF8892}.Release|Any CPU.ActiveCfg = Release|Any CPU
		{F990C776-FFBE-4323-BF26-DEBF8EAF8892}.Release|Any CPU.Build.0 = Release|Any CPU
		{F990C776-FFBE-4323-BF26-DEBF8EAF8892}.Release|x64.ActiveCfg = Release|x64
		{F990C776-FFBE-4323-BF26-DEBF8EAF8892}.Release|x64.Build.0 = Release|x64
		{F990C776-FFBE-4323-BF26-DEBF8EAF8892}.Release|x86.ActiveCfg = Release|x86
		{F990C776-FFBE-4323-BF26-DEBF8EAF8892}.Release|x86.Build.0 = Release|x86
		{F990C776-FFBE-4323-BF26-DEBF8EAF8892}.Staging|Any CPU.ActiveCfg = Release|Any CPU
		{F990C776-FFBE-4323-BF26-DEBF8EAF8892}.Staging|Any CPU.Build.0 = Release|Any CPU
		{F990C776-FFBE-4323-BF26-DEBF8EAF8892}.Staging|x64.ActiveCfg = Release|x64
		{F990C776-FFBE-4323-BF26-DEBF8EAF8892}.Staging|x64.Build.0 = Release|x64
		{F990C776-FFBE-4323-BF26-DEBF8EAF8892}.Staging|x86.ActiveCfg = Release|x86
		{F990C776-FFBE-4323-BF26-DEBF8EAF8892}.Staging|x86.Build.0 = Release|x86
		{619DCB71-8D65-4D68-9D81-C043897767C7}.Debug|Any CPU.ActiveCfg = Debug|Any CPU
		{619DCB71-8D65-4D68-9D81-C043897767C7}.Debug|Any CPU.Build.0 = Debug|Any CPU
		{619DCB71-8D65-4D68-9D81-C043897767C7}.Debug|x64.ActiveCfg = Debug|x64
		{619DCB71-8D65-4D68-9D81-C043897767C7}.Debug|x64.Build.0 = Debug|x64
		{619DCB71-8D65-4D68-9D81-C043897767C7}.Debug|x86.ActiveCfg = Debug|x86
		{619DCB71-8D65-4D68-9D81-C043897767C7}.Debug|x86.Build.0 = Debug|x86
		{619DCB71-8D65-4D68-9D81-C043897767C7}.Demo|Any CPU.ActiveCfg = Debug|Any CPU
		{619DCB71-8D65-4D68-9D81-C043897767C7}.Demo|Any CPU.Build.0 = Debug|Any CPU
		{619DCB71-8D65-4D68-9D81-C043897767C7}.Demo|x64.ActiveCfg = Debug|x64
		{619DCB71-8D65-4D68-9D81-C043897767C7}.Demo|x64.Build.0 = Debug|x64
		{619DCB71-8D65-4D68-9D81-C043897767C7}.Demo|x86.ActiveCfg = Debug|x86
		{619DCB71-8D65-4D68-9D81-C043897767C7}.Demo|x86.Build.0 = Debug|x86
		{619DCB71-8D65-4D68-9D81-C043897767C7}.Release|Any CPU.ActiveCfg = Release|Any CPU
		{619DCB71-8D65-4D68-9D81-C043897767C7}.Release|Any CPU.Build.0 = Release|Any CPU
		{619DCB71-8D65-4D68-9D81-C043897767C7}.Release|x64.ActiveCfg = Release|x64
		{619DCB71-8D65-4D68-9D81-C043897767C7}.Release|x64.Build.0 = Release|x64
		{619DCB71-8D65-4D68-9D81-C043897767C7}.Release|x86.ActiveCfg = Release|x86
		{619DCB71-8D65-4D68-9D81-C043897767C7}.Release|x86.Build.0 = Release|x86
		{619DCB71-8D65-4D68-9D81-C043897767C7}.Staging|Any CPU.ActiveCfg = Release|Any CPU
		{619DCB71-8D65-4D68-9D81-C043897767C7}.Staging|Any CPU.Build.0 = Release|Any CPU
		{619DCB71-8D65-4D68-9D81-C043897767C7}.Staging|x64.ActiveCfg = Release|x64
		{619DCB71-8D65-4D68-9D81-C043897767C7}.Staging|x64.Build.0 = Release|x64
		{619DCB71-8D65-4D68-9D81-C043897767C7}.Staging|x86.ActiveCfg = Release|x86
		{619DCB71-8D65-4D68-9D81-C043897767C7}.Staging|x86.Build.0 = Release|x86
		{74B9AFAA-6BB2-4F12-9BBE-A80896AC7694}.Debug|Any CPU.ActiveCfg = Debug|Any CPU
		{74B9AFAA-6BB2-4F12-9BBE-A80896AC7694}.Debug|Any CPU.Build.0 = Debug|Any CPU
		{74B9AFAA-6BB2-4F12-9BBE-A80896AC7694}.Debug|x64.ActiveCfg = Debug|x64
		{74B9AFAA-6BB2-4F12-9BBE-A80896AC7694}.Debug|x64.Build.0 = Debug|x64
		{74B9AFAA-6BB2-4F12-9BBE-A80896AC7694}.Debug|x86.ActiveCfg = Debug|x86
		{74B9AFAA-6BB2-4F12-9BBE-A80896AC7694}.Debug|x86.Build.0 = Debug|x86
		{74B9AFAA-6BB2-4F12-9BBE-A80896AC7694}.Demo|Any CPU.ActiveCfg = Debug|Any CPU
		{74B9AFAA-6BB2-4F12-9BBE-A80896AC7694}.Demo|Any CPU.Build.0 = Debug|Any CPU
		{74B9AFAA-6BB2-4F12-9BBE-A80896AC7694}.Demo|x64.ActiveCfg = Debug|x64
		{74B9AFAA-6BB2-4F12-9BBE-A80896AC7694}.Demo|x64.Build.0 = Debug|x64
		{74B9AFAA-6BB2-4F12-9BBE-A80896AC7694}.Demo|x86.ActiveCfg = Debug|x86
		{74B9AFAA-6BB2-4F12-9BBE-A80896AC7694}.Demo|x86.Build.0 = Debug|x86
		{74B9AFAA-6BB2-4F12-9BBE-A80896AC7694}.Release|Any CPU.ActiveCfg = Release|Any CPU
		{74B9AFAA-6BB2-4F12-9BBE-A80896AC7694}.Release|Any CPU.Build.0 = Release|Any CPU
		{74B9AFAA-6BB2-4F12-9BBE-A80896AC7694}.Release|x64.ActiveCfg = Release|x64
		{74B9AFAA-6BB2-4F12-9BBE-A80896AC7694}.Release|x64.Build.0 = Release|x64
		{74B9AFAA-6BB2-4F12-9BBE-A80896AC7694}.Release|x86.ActiveCfg = Release|x86
		{74B9AFAA-6BB2-4F12-9BBE-A80896AC7694}.Release|x86.Build.0 = Release|x86
		{74B9AFAA-6BB2-4F12-9BBE-A80896AC7694}.Staging|Any CPU.ActiveCfg = Release|Any CPU
		{74B9AFAA-6BB2-4F12-9BBE-A80896AC7694}.Staging|Any CPU.Build.0 = Release|Any CPU
		{74B9AFAA-6BB2-4F12-9BBE-A80896AC7694}.Staging|x64.ActiveCfg = Release|x64
		{74B9AFAA-6BB2-4F12-9BBE-A80896AC7694}.Staging|x64.Build.0 = Release|x64
		{74B9AFAA-6BB2-4F12-9BBE-A80896AC7694}.Staging|x86.ActiveCfg = Release|x86
		{74B9AFAA-6BB2-4F12-9BBE-A80896AC7694}.Staging|x86.Build.0 = Release|x86
		{D4F7BEBE-56E0-41B1-8545-B48FA72FD648}.Debug|Any CPU.ActiveCfg = Debug|Any CPU
		{D4F7BEBE-56E0-41B1-8545-B48FA72FD648}.Debug|Any CPU.Build.0 = Debug|Any CPU
		{D4F7BEBE-56E0-41B1-8545-B48FA72FD648}.Debug|x64.ActiveCfg = Debug|x64
		{D4F7BEBE-56E0-41B1-8545-B48FA72FD648}.Debug|x64.Build.0 = Debug|x64
		{D4F7BEBE-56E0-41B1-8545-B48FA72FD648}.Debug|x86.ActiveCfg = Debug|x86
		{D4F7BEBE-56E0-41B1-8545-B48FA72FD648}.Debug|x86.Build.0 = Debug|x86
		{D4F7BEBE-56E0-41B1-8545-B48FA72FD648}.Demo|Any CPU.ActiveCfg = Debug|Any CPU
		{D4F7BEBE-56E0-41B1-8545-B48FA72FD648}.Demo|Any CPU.Build.0 = Debug|Any CPU
		{D4F7BEBE-56E0-41B1-8545-B48FA72FD648}.Demo|x64.ActiveCfg = Debug|x64
		{D4F7BEBE-56E0-41B1-8545-B48FA72FD648}.Demo|x64.Build.0 = Debug|x64
		{D4F7BEBE-56E0-41B1-8545-B48FA72FD648}.Demo|x86.ActiveCfg = Debug|x86
		{D4F7BEBE-56E0-41B1-8545-B48FA72FD648}.Demo|x86.Build.0 = Debug|x86
		{D4F7BEBE-56E0-41B1-8545-B48FA72FD648}.Release|Any CPU.ActiveCfg = Release|Any CPU
		{D4F7BEBE-56E0-41B1-8545-B48FA72FD648}.Release|Any CPU.Build.0 = Release|Any CPU
		{D4F7BEBE-56E0-41B1-8545-B48FA72FD648}.Release|x64.ActiveCfg = Release|x64
		{D4F7BEBE-56E0-41B1-8545-B48FA72FD648}.Release|x64.Build.0 = Release|x64
		{D4F7BEBE-56E0-41B1-8545-B48FA72FD648}.Release|x86.ActiveCfg = Release|x86
		{D4F7BEBE-56E0-41B1-8545-B48FA72FD648}.Release|x86.Build.0 = Release|x86
		{D4F7BEBE-56E0-41B1-8545-B48FA72FD648}.Staging|Any CPU.ActiveCfg = Release|Any CPU
		{D4F7BEBE-56E0-41B1-8545-B48FA72FD648}.Staging|Any CPU.Build.0 = Release|Any CPU
		{D4F7BEBE-56E0-41B1-8545-B48FA72FD648}.Staging|x64.ActiveCfg = Release|x64
		{D4F7BEBE-56E0-41B1-8545-B48FA72FD648}.Staging|x64.Build.0 = Release|x64
		{D4F7BEBE-56E0-41B1-8545-B48FA72FD648}.Staging|x86.ActiveCfg = Release|x86
		{D4F7BEBE-56E0-41B1-8545-B48FA72FD648}.Staging|x86.Build.0 = Release|x86
		{0D973F88-8D76-48F3-9856-6D9FB18EF779}.Debug|Any CPU.ActiveCfg = Debug|Any CPU
		{0D973F88-8D76-48F3-9856-6D9FB18EF779}.Debug|Any CPU.Build.0 = Debug|Any CPU
		{0D973F88-8D76-48F3-9856-6D9FB18EF779}.Debug|x64.ActiveCfg = Debug|x64
		{0D973F88-8D76-48F3-9856-6D9FB18EF779}.Debug|x64.Build.0 = Debug|x64
		{0D973F88-8D76-48F3-9856-6D9FB18EF779}.Debug|x86.ActiveCfg = Debug|x86
		{0D973F88-8D76-48F3-9856-6D9FB18EF779}.Debug|x86.Build.0 = Debug|x86
		{0D973F88-8D76-48F3-9856-6D9FB18EF779}.Demo|Any CPU.ActiveCfg = Debug|Any CPU
		{0D973F88-8D76-48F3-9856-6D9FB18EF779}.Demo|Any CPU.Build.0 = Debug|Any CPU
		{0D973F88-8D76-48F3-9856-6D9FB18EF779}.Demo|x64.ActiveCfg = Debug|x64
		{0D973F88-8D76-48F3-9856-6D9FB18EF779}.Demo|x64.Build.0 = Debug|x64
		{0D973F88-8D76-48F3-9856-6D9FB18EF779}.Demo|x86.ActiveCfg = Debug|x86
		{0D973F88-8D76-48F3-9856-6D9FB18EF779}.Demo|x86.Build.0 = Debug|x86
		{0D973F88-8D76-48F3-9856-6D9FB18EF779}.Release|Any CPU.ActiveCfg = Release|Any CPU
		{0D973F88-8D76-48F3-9856-6D9FB18EF779}.Release|Any CPU.Build.0 = Release|Any CPU
		{0D973F88-8D76-48F3-9856-6D9FB18EF779}.Release|x64.ActiveCfg = Release|x64
		{0D973F88-8D76-48F3-9856-6D9FB18EF779}.Release|x64.Build.0 = Release|x64
		{0D973F88-8D76-48F3-9856-6D9FB18EF779}.Release|x86.ActiveCfg = Release|x86
		{0D973F88-8D76-48F3-9856-6D9FB18EF779}.Release|x86.Build.0 = Release|x86
		{0D973F88-8D76-48F3-9856-6D9FB18EF779}.Staging|Any CPU.ActiveCfg = Release|Any CPU
		{0D973F88-8D76-48F3-9856-6D9FB18EF779}.Staging|Any CPU.Build.0 = Release|Any CPU
		{0D973F88-8D76-48F3-9856-6D9FB18EF779}.Staging|x64.ActiveCfg = Release|x64
		{0D973F88-8D76-48F3-9856-6D9FB18EF779}.Staging|x64.Build.0 = Release|x64
		{0D973F88-8D76-48F3-9856-6D9FB18EF779}.Staging|x86.ActiveCfg = Release|x86
		{0D973F88-8D76-48F3-9856-6D9FB18EF779}.Staging|x86.Build.0 = Release|x86
		{75F249B6-1672-4DB3-875E-E0FB99E9159E}.Debug|Any CPU.ActiveCfg = Debug|Any CPU
		{75F249B6-1672-4DB3-875E-E0FB99E9159E}.Debug|Any CPU.Build.0 = Debug|Any CPU
		{75F249B6-1672-4DB3-875E-E0FB99E9159E}.Debug|x64.ActiveCfg = Debug|x64
		{75F249B6-1672-4DB3-875E-E0FB99E9159E}.Debug|x64.Build.0 = Debug|x64
		{75F249B6-1672-4DB3-875E-E0FB99E9159E}.Debug|x86.ActiveCfg = Debug|x86
		{75F249B6-1672-4DB3-875E-E0FB99E9159E}.Debug|x86.Build.0 = Debug|x86
		{75F249B6-1672-4DB3-875E-E0FB99E9159E}.Demo|Any CPU.ActiveCfg = Debug|Any CPU
		{75F249B6-1672-4DB3-875E-E0FB99E9159E}.Demo|Any CPU.Build.0 = Debug|Any CPU
		{75F249B6-1672-4DB3-875E-E0FB99E9159E}.Demo|x64.ActiveCfg = Debug|x64
		{75F249B6-1672-4DB3-875E-E0FB99E9159E}.Demo|x64.Build.0 = Debug|x64
		{75F249B6-1672-4DB3-875E-E0FB99E9159E}.Demo|x86.ActiveCfg = Debug|x86
		{75F249B6-1672-4DB3-875E-E0FB99E9159E}.Demo|x86.Build.0 = Debug|x86
		{75F249B6-1672-4DB3-875E-E0FB99E9159E}.Release|Any CPU.ActiveCfg = Release|Any CPU
		{75F249B6-1672-4DB3-875E-E0FB99E9159E}.Release|Any CPU.Build.0 = Release|Any CPU
		{75F249B6-1672-4DB3-875E-E0FB99E9159E}.Release|x64.ActiveCfg = Release|x64
		{75F249B6-1672-4DB3-875E-E0FB99E9159E}.Release|x64.Build.0 = Release|x64
		{75F249B6-1672-4DB3-875E-E0FB99E9159E}.Release|x86.ActiveCfg = Release|x86
		{75F249B6-1672-4DB3-875E-E0FB99E9159E}.Release|x86.Build.0 = Release|x86
		{75F249B6-1672-4DB3-875E-E0FB99E9159E}.Staging|Any CPU.ActiveCfg = Release|Any CPU
		{75F249B6-1672-4DB3-875E-E0FB99E9159E}.Staging|Any CPU.Build.0 = Release|Any CPU
		{75F249B6-1672-4DB3-875E-E0FB99E9159E}.Staging|x64.ActiveCfg = Release|x64
		{75F249B6-1672-4DB3-875E-E0FB99E9159E}.Staging|x64.Build.0 = Release|x64
		{75F249B6-1672-4DB3-875E-E0FB99E9159E}.Staging|x86.ActiveCfg = Release|x86
		{75F249B6-1672-4DB3-875E-E0FB99E9159E}.Staging|x86.Build.0 = Release|x86
		{D7D8820D-DCED-4CD4-AAAE-CB64F2CAEBCA}.Debug|Any CPU.ActiveCfg = Debug|Any CPU
		{D7D8820D-DCED-4CD4-AAAE-CB64F2CAEBCA}.Debug|Any CPU.Build.0 = Debug|Any CPU
		{D7D8820D-DCED-4CD4-AAAE-CB64F2CAEBCA}.Debug|x64.ActiveCfg = Debug|x64
		{D7D8820D-DCED-4CD4-AAAE-CB64F2CAEBCA}.Debug|x64.Build.0 = Debug|x64
		{D7D8820D-DCED-4CD4-AAAE-CB64F2CAEBCA}.Debug|x86.ActiveCfg = Debug|x86
		{D7D8820D-DCED-4CD4-AAAE-CB64F2CAEBCA}.Debug|x86.Build.0 = Debug|x86
		{D7D8820D-DCED-4CD4-AAAE-CB64F2CAEBCA}.Demo|Any CPU.ActiveCfg = Debug|Any CPU
		{D7D8820D-DCED-4CD4-AAAE-CB64F2CAEBCA}.Demo|Any CPU.Build.0 = Debug|Any CPU
		{D7D8820D-DCED-4CD4-AAAE-CB64F2CAEBCA}.Demo|x64.ActiveCfg = Debug|x64
		{D7D8820D-DCED-4CD4-AAAE-CB64F2CAEBCA}.Demo|x64.Build.0 = Debug|x64
		{D7D8820D-DCED-4CD4-AAAE-CB64F2CAEBCA}.Demo|x86.ActiveCfg = Debug|x86
		{D7D8820D-DCED-4CD4-AAAE-CB64F2CAEBCA}.Demo|x86.Build.0 = Debug|x86
		{D7D8820D-DCED-4CD4-AAAE-CB64F2CAEBCA}.Release|Any CPU.ActiveCfg = Release|Any CPU
		{D7D8820D-DCED-4CD4-AAAE-CB64F2CAEBCA}.Release|Any CPU.Build.0 = Release|Any CPU
		{D7D8820D-DCED-4CD4-AAAE-CB64F2CAEBCA}.Release|x64.ActiveCfg = Release|x64
		{D7D8820D-DCED-4CD4-AAAE-CB64F2CAEBCA}.Release|x64.Build.0 = Release|x64
		{D7D8820D-DCED-4CD4-AAAE-CB64F2CAEBCA}.Release|x86.ActiveCfg = Release|x86
		{D7D8820D-DCED-4CD4-AAAE-CB64F2CAEBCA}.Release|x86.Build.0 = Release|x86
		{D7D8820D-DCED-4CD4-AAAE-CB64F2CAEBCA}.Staging|Any CPU.ActiveCfg = Release|Any CPU
		{D7D8820D-DCED-4CD4-AAAE-CB64F2CAEBCA}.Staging|Any CPU.Build.0 = Release|Any CPU
		{D7D8820D-DCED-4CD4-AAAE-CB64F2CAEBCA}.Staging|x64.ActiveCfg = Release|x64
		{D7D8820D-DCED-4CD4-AAAE-CB64F2CAEBCA}.Staging|x64.Build.0 = Release|x64
		{D7D8820D-DCED-4CD4-AAAE-CB64F2CAEBCA}.Staging|x86.ActiveCfg = Release|x86
		{D7D8820D-DCED-4CD4-AAAE-CB64F2CAEBCA}.Staging|x86.Build.0 = Release|x86
		{7B3FC3CD-7A49-4DF0-B924-F6BE6E26F44F}.Debug|Any CPU.ActiveCfg = Debug|Any CPU
		{7B3FC3CD-7A49-4DF0-B924-F6BE6E26F44F}.Debug|Any CPU.Build.0 = Debug|Any CPU
		{7B3FC3CD-7A49-4DF0-B924-F6BE6E26F44F}.Debug|x64.ActiveCfg = Debug|x64
		{7B3FC3CD-7A49-4DF0-B924-F6BE6E26F44F}.Debug|x64.Build.0 = Debug|x64
		{7B3FC3CD-7A49-4DF0-B924-F6BE6E26F44F}.Debug|x86.ActiveCfg = Debug|x86
		{7B3FC3CD-7A49-4DF0-B924-F6BE6E26F44F}.Debug|x86.Build.0 = Debug|x86
		{7B3FC3CD-7A49-4DF0-B924-F6BE6E26F44F}.Demo|Any CPU.ActiveCfg = Debug|Any CPU
		{7B3FC3CD-7A49-4DF0-B924-F6BE6E26F44F}.Demo|Any CPU.Build.0 = Debug|Any CPU
		{7B3FC3CD-7A49-4DF0-B924-F6BE6E26F44F}.Demo|x64.ActiveCfg = Debug|x64
		{7B3FC3CD-7A49-4DF0-B924-F6BE6E26F44F}.Demo|x64.Build.0 = Debug|x64
		{7B3FC3CD-7A49-4DF0-B924-F6BE6E26F44F}.Demo|x86.ActiveCfg = Debug|x86
		{7B3FC3CD-7A49-4DF0-B924-F6BE6E26F44F}.Demo|x86.Build.0 = Debug|x86
		{7B3FC3CD-7A49-4DF0-B924-F6BE6E26F44F}.Release|Any CPU.ActiveCfg = Release|Any CPU
		{7B3FC3CD-7A49-4DF0-B924-F6BE6E26F44F}.Release|Any CPU.Build.0 = Release|Any CPU
		{7B3FC3CD-7A49-4DF0-B924-F6BE6E26F44F}.Release|x64.ActiveCfg = Release|x64
		{7B3FC3CD-7A49-4DF0-B924-F6BE6E26F44F}.Release|x64.Build.0 = Release|x64
		{7B3FC3CD-7A49-4DF0-B924-F6BE6E26F44F}.Release|x86.ActiveCfg = Release|x86
		{7B3FC3CD-7A49-4DF0-B924-F6BE6E26F44F}.Release|x86.Build.0 = Release|x86
		{7B3FC3CD-7A49-4DF0-B924-F6BE6E26F44F}.Staging|Any CPU.ActiveCfg = Release|Any CPU
		{7B3FC3CD-7A49-4DF0-B924-F6BE6E26F44F}.Staging|Any CPU.Build.0 = Release|Any CPU
		{7B3FC3CD-7A49-4DF0-B924-F6BE6E26F44F}.Staging|x64.ActiveCfg = Release|x64
		{7B3FC3CD-7A49-4DF0-B924-F6BE6E26F44F}.Staging|x64.Build.0 = Release|x64
		{7B3FC3CD-7A49-4DF0-B924-F6BE6E26F44F}.Staging|x86.ActiveCfg = Release|x86
		{7B3FC3CD-7A49-4DF0-B924-F6BE6E26F44F}.Staging|x86.Build.0 = Release|x86
		{06C787B7-FA96-4A27-BD04-746CC861E6D1}.Debug|Any CPU.ActiveCfg = Debug|Any CPU
		{06C787B7-FA96-4A27-BD04-746CC861E6D1}.Debug|Any CPU.Build.0 = Debug|Any CPU
		{06C787B7-FA96-4A27-BD04-746CC861E6D1}.Debug|x64.ActiveCfg = Debug|x64
		{06C787B7-FA96-4A27-BD04-746CC861E6D1}.Debug|x64.Build.0 = Debug|x64
		{06C787B7-FA96-4A27-BD04-746CC861E6D1}.Debug|x86.ActiveCfg = Debug|x86
		{06C787B7-FA96-4A27-BD04-746CC861E6D1}.Debug|x86.Build.0 = Debug|x86
		{06C787B7-FA96-4A27-BD04-746CC861E6D1}.Demo|Any CPU.ActiveCfg = Debug|Any CPU
		{06C787B7-FA96-4A27-BD04-746CC861E6D1}.Demo|Any CPU.Build.0 = Debug|Any CPU
		{06C787B7-FA96-4A27-BD04-746CC861E6D1}.Demo|x64.ActiveCfg = Debug|x64
		{06C787B7-FA96-4A27-BD04-746CC861E6D1}.Demo|x64.Build.0 = Debug|x64
		{06C787B7-FA96-4A27-BD04-746CC861E6D1}.Demo|x86.ActiveCfg = Debug|x86
		{06C787B7-FA96-4A27-BD04-746CC861E6D1}.Demo|x86.Build.0 = Debug|x86
		{06C787B7-FA96-4A27-BD04-746CC861E6D1}.Release|Any CPU.ActiveCfg = Release|Any CPU
		{06C787B7-FA96-4A27-BD04-746CC861E6D1}.Release|Any CPU.Build.0 = Release|Any CPU
		{06C787B7-FA96-4A27-BD04-746CC861E6D1}.Release|x64.ActiveCfg = Release|x64
		{06C787B7-FA96-4A27-BD04-746CC861E6D1}.Release|x64.Build.0 = Release|x64
		{06C787B7-FA96-4A27-BD04-746CC861E6D1}.Release|x86.ActiveCfg = Release|x86
		{06C787B7-FA96-4A27-BD04-746CC861E6D1}.Release|x86.Build.0 = Release|x86
		{06C787B7-FA96-4A27-BD04-746CC861E6D1}.Staging|Any CPU.ActiveCfg = Release|Any CPU
		{06C787B7-FA96-4A27-BD04-746CC861E6D1}.Staging|Any CPU.Build.0 = Release|Any CPU
		{06C787B7-FA96-4A27-BD04-746CC861E6D1}.Staging|x64.ActiveCfg = Release|x64
		{06C787B7-FA96-4A27-BD04-746CC861E6D1}.Staging|x64.Build.0 = Release|x64
		{06C787B7-FA96-4A27-BD04-746CC861E6D1}.Staging|x86.ActiveCfg = Release|x86
		{06C787B7-FA96-4A27-BD04-746CC861E6D1}.Staging|x86.Build.0 = Release|x86
		{BDA13A0F-46AA-4660-89FE-C9F68FC627C5}.Debug|Any CPU.ActiveCfg = Debug|Any CPU
		{BDA13A0F-46AA-4660-89FE-C9F68FC627C5}.Debug|Any CPU.Build.0 = Debug|Any CPU
		{BDA13A0F-46AA-4660-89FE-C9F68FC627C5}.Debug|x64.ActiveCfg = Debug|x64
		{BDA13A0F-46AA-4660-89FE-C9F68FC627C5}.Debug|x64.Build.0 = Debug|x64
		{BDA13A0F-46AA-4660-89FE-C9F68FC627C5}.Debug|x86.ActiveCfg = Debug|x86
		{BDA13A0F-46AA-4660-89FE-C9F68FC627C5}.Debug|x86.Build.0 = Debug|x86
		{BDA13A0F-46AA-4660-89FE-C9F68FC627C5}.Demo|Any CPU.ActiveCfg = Debug|Any CPU
		{BDA13A0F-46AA-4660-89FE-C9F68FC627C5}.Demo|Any CPU.Build.0 = Debug|Any CPU
		{BDA13A0F-46AA-4660-89FE-C9F68FC627C5}.Demo|x64.ActiveCfg = Debug|x64
		{BDA13A0F-46AA-4660-89FE-C9F68FC627C5}.Demo|x64.Build.0 = Debug|x64
		{BDA13A0F-46AA-4660-89FE-C9F68FC627C5}.Demo|x86.ActiveCfg = Debug|x86
		{BDA13A0F-46AA-4660-89FE-C9F68FC627C5}.Demo|x86.Build.0 = Debug|x86
		{BDA13A0F-46AA-4660-89FE-C9F68FC627C5}.Release|Any CPU.ActiveCfg = Release|Any CPU
		{BDA13A0F-46AA-4660-89FE-C9F68FC627C5}.Release|Any CPU.Build.0 = Release|Any CPU
		{BDA13A0F-46AA-4660-89FE-C9F68FC627C5}.Release|x64.ActiveCfg = Release|x64
		{BDA13A0F-46AA-4660-89FE-C9F68FC627C5}.Release|x64.Build.0 = Release|x64
		{BDA13A0F-46AA-4660-89FE-C9F68FC627C5}.Release|x86.ActiveCfg = Release|x86
		{BDA13A0F-46AA-4660-89FE-C9F68FC627C5}.Release|x86.Build.0 = Release|x86
		{BDA13A0F-46AA-4660-89FE-C9F68FC627C5}.Staging|Any CPU.ActiveCfg = Release|Any CPU
		{BDA13A0F-46AA-4660-89FE-C9F68FC627C5}.Staging|Any CPU.Build.0 = Release|Any CPU
		{BDA13A0F-46AA-4660-89FE-C9F68FC627C5}.Staging|x64.ActiveCfg = Release|x64
		{BDA13A0F-46AA-4660-89FE-C9F68FC627C5}.Staging|x64.Build.0 = Release|x64
		{BDA13A0F-46AA-4660-89FE-C9F68FC627C5}.Staging|x86.ActiveCfg = Release|x86
		{BDA13A0F-46AA-4660-89FE-C9F68FC627C5}.Staging|x86.Build.0 = Release|x86
		{D8AABBFD-F906-4902-9285-874FA05E3E74}.Debug|Any CPU.ActiveCfg = Debug|Any CPU
		{D8AABBFD-F906-4902-9285-874FA05E3E74}.Debug|Any CPU.Build.0 = Debug|Any CPU
		{D8AABBFD-F906-4902-9285-874FA05E3E74}.Debug|x64.ActiveCfg = Debug|x64
		{D8AABBFD-F906-4902-9285-874FA05E3E74}.Debug|x64.Build.0 = Debug|x64
		{D8AABBFD-F906-4902-9285-874FA05E3E74}.Debug|x86.ActiveCfg = Debug|x86
		{D8AABBFD-F906-4902-9285-874FA05E3E74}.Debug|x86.Build.0 = Debug|x86
		{D8AABBFD-F906-4902-9285-874FA05E3E74}.Demo|Any CPU.ActiveCfg = Debug|Any CPU
		{D8AABBFD-F906-4902-9285-874FA05E3E74}.Demo|Any CPU.Build.0 = Debug|Any CPU
		{D8AABBFD-F906-4902-9285-874FA05E3E74}.Demo|x64.ActiveCfg = Debug|x64
		{D8AABBFD-F906-4902-9285-874FA05E3E74}.Demo|x64.Build.0 = Debug|x64
		{D8AABBFD-F906-4902-9285-874FA05E3E74}.Demo|x86.ActiveCfg = Debug|x86
		{D8AABBFD-F906-4902-9285-874FA05E3E74}.Demo|x86.Build.0 = Debug|x86
		{D8AABBFD-F906-4902-9285-874FA05E3E74}.Release|Any CPU.ActiveCfg = Release|Any CPU
		{D8AABBFD-F906-4902-9285-874FA05E3E74}.Release|Any CPU.Build.0 = Release|Any CPU
		{D8AABBFD-F906-4902-9285-874FA05E3E74}.Release|x64.ActiveCfg = Release|x64
		{D8AABBFD-F906-4902-9285-874FA05E3E74}.Release|x64.Build.0 = Release|x64
		{D8AABBFD-F906-4902-9285-874FA05E3E74}.Release|x86.ActiveCfg = Release|x86
		{D8AABBFD-F906-4902-9285-874FA05E3E74}.Release|x86.Build.0 = Release|x86
		{D8AABBFD-F906-4902-9285-874FA05E3E74}.Staging|Any CPU.ActiveCfg = Release|Any CPU
		{D8AABBFD-F906-4902-9285-874FA05E3E74}.Staging|Any CPU.Build.0 = Release|Any CPU
		{D8AABBFD-F906-4902-9285-874FA05E3E74}.Staging|x64.ActiveCfg = Release|x64
		{D8AABBFD-F906-4902-9285-874FA05E3E74}.Staging|x64.Build.0 = Release|x64
		{D8AABBFD-F906-4902-9285-874FA05E3E74}.Staging|x86.ActiveCfg = Release|x86
		{D8AABBFD-F906-4902-9285-874FA05E3E74}.Staging|x86.Build.0 = Release|x86
		{54122B8A-E0FC-4137-B232-8709F445CAF6}.Debug|Any CPU.ActiveCfg = Debug|Any CPU
		{54122B8A-E0FC-4137-B232-8709F445CAF6}.Debug|Any CPU.Build.0 = Debug|Any CPU
		{54122B8A-E0FC-4137-B232-8709F445CAF6}.Debug|x64.ActiveCfg = Debug|x64
		{54122B8A-E0FC-4137-B232-8709F445CAF6}.Debug|x64.Build.0 = Debug|x64
		{54122B8A-E0FC-4137-B232-8709F445CAF6}.Debug|x86.ActiveCfg = Debug|x86
		{54122B8A-E0FC-4137-B232-8709F445CAF6}.Debug|x86.Build.0 = Debug|x86
		{54122B8A-E0FC-4137-B232-8709F445CAF6}.Demo|Any CPU.ActiveCfg = Debug|Any CPU
		{54122B8A-E0FC-4137-B232-8709F445CAF6}.Demo|Any CPU.Build.0 = Debug|Any CPU
		{54122B8A-E0FC-4137-B232-8709F445CAF6}.Demo|x64.ActiveCfg = Debug|x64
		{54122B8A-E0FC-4137-B232-8709F445CAF6}.Demo|x64.Build.0 = Debug|x64
		{54122B8A-E0FC-4137-B232-8709F445CAF6}.Demo|x86.ActiveCfg = Debug|x86
		{54122B8A-E0FC-4137-B232-8709F445CAF6}.Demo|x86.Build.0 = Debug|x86
		{54122B8A-E0FC-4137-B232-8709F445CAF6}.Release|Any CPU.ActiveCfg = Release|Any CPU
		{54122B8A-E0FC-4137-B232-8709F445CAF6}.Release|Any CPU.Build.0 = Release|Any CPU
		{54122B8A-E0FC-4137-B232-8709F445CAF6}.Release|x64.ActiveCfg = Release|x64
		{54122B8A-E0FC-4137-B232-8709F445CAF6}.Release|x64.Build.0 = Release|x64
		{54122B8A-E0FC-4137-B232-8709F445CAF6}.Release|x86.ActiveCfg = Release|x86
		{54122B8A-E0FC-4137-B232-8709F445CAF6}.Release|x86.Build.0 = Release|x86
		{54122B8A-E0FC-4137-B232-8709F445CAF6}.Staging|Any CPU.ActiveCfg = Release|Any CPU
		{54122B8A-E0FC-4137-B232-8709F445CAF6}.Staging|Any CPU.Build.0 = Release|Any CPU
		{54122B8A-E0FC-4137-B232-8709F445CAF6}.Staging|x64.ActiveCfg = Release|x64
		{54122B8A-E0FC-4137-B232-8709F445CAF6}.Staging|x64.Build.0 = Release|x64
		{54122B8A-E0FC-4137-B232-8709F445CAF6}.Staging|x86.ActiveCfg = Release|x86
		{54122B8A-E0FC-4137-B232-8709F445CAF6}.Staging|x86.Build.0 = Release|x86
		{F9580CCD-FE6C-495A-B927-583786063878}.Debug|Any CPU.ActiveCfg = Debug|Any CPU
		{F9580CCD-FE6C-495A-B927-583786063878}.Debug|Any CPU.Build.0 = Debug|Any CPU
		{F9580CCD-FE6C-495A-B927-583786063878}.Debug|x64.ActiveCfg = Debug|x64
		{F9580CCD-FE6C-495A-B927-583786063878}.Debug|x64.Build.0 = Debug|x64
		{F9580CCD-FE6C-495A-B927-583786063878}.Debug|x86.ActiveCfg = Debug|x86
		{F9580CCD-FE6C-495A-B927-583786063878}.Debug|x86.Build.0 = Debug|x86
		{F9580CCD-FE6C-495A-B927-583786063878}.Demo|Any CPU.ActiveCfg = Debug|Any CPU
		{F9580CCD-FE6C-495A-B927-583786063878}.Demo|Any CPU.Build.0 = Debug|Any CPU
		{F9580CCD-FE6C-495A-B927-583786063878}.Demo|x64.ActiveCfg = Debug|x64
		{F9580CCD-FE6C-495A-B927-583786063878}.Demo|x64.Build.0 = Debug|x64
		{F9580CCD-FE6C-495A-B927-583786063878}.Demo|x86.ActiveCfg = Debug|x86
		{F9580CCD-FE6C-495A-B927-583786063878}.Demo|x86.Build.0 = Debug|x86
		{F9580CCD-FE6C-495A-B927-583786063878}.Release|Any CPU.ActiveCfg = Release|Any CPU
		{F9580CCD-FE6C-495A-B927-583786063878}.Release|Any CPU.Build.0 = Release|Any CPU
		{F9580CCD-FE6C-495A-B927-583786063878}.Release|x64.ActiveCfg = Release|x64
		{F9580CCD-FE6C-495A-B927-583786063878}.Release|x64.Build.0 = Release|x64
		{F9580CCD-FE6C-495A-B927-583786063878}.Release|x86.ActiveCfg = Release|x86
		{F9580CCD-FE6C-495A-B927-583786063878}.Release|x86.Build.0 = Release|x86
		{F9580CCD-FE6C-495A-B927-583786063878}.Staging|Any CPU.ActiveCfg = Release|Any CPU
		{F9580CCD-FE6C-495A-B927-583786063878}.Staging|Any CPU.Build.0 = Release|Any CPU
		{F9580CCD-FE6C-495A-B927-583786063878}.Staging|x64.ActiveCfg = Release|x64
		{F9580CCD-FE6C-495A-B927-583786063878}.Staging|x64.Build.0 = Release|x64
		{F9580CCD-FE6C-495A-B927-583786063878}.Staging|x86.ActiveCfg = Release|x86
		{F9580CCD-FE6C-495A-B927-583786063878}.Staging|x86.Build.0 = Release|x86
		{C21D6151-0E09-46E6-9161-CC0E34F0886F}.Debug|Any CPU.ActiveCfg = Debug|Any CPU
		{C21D6151-0E09-46E6-9161-CC0E34F0886F}.Debug|Any CPU.Build.0 = Debug|Any CPU
		{C21D6151-0E09-46E6-9161-CC0E34F0886F}.Debug|x64.ActiveCfg = Debug|x64
		{C21D6151-0E09-46E6-9161-CC0E34F0886F}.Debug|x64.Build.0 = Debug|x64
		{C21D6151-0E09-46E6-9161-CC0E34F0886F}.Debug|x86.ActiveCfg = Debug|x86
		{C21D6151-0E09-46E6-9161-CC0E34F0886F}.Debug|x86.Build.0 = Debug|x86
		{C21D6151-0E09-46E6-9161-CC0E34F0886F}.Demo|Any CPU.ActiveCfg = Debug|Any CPU
		{C21D6151-0E09-46E6-9161-CC0E34F0886F}.Demo|Any CPU.Build.0 = Debug|Any CPU
		{C21D6151-0E09-46E6-9161-CC0E34F0886F}.Demo|x64.ActiveCfg = Debug|x64
		{C21D6151-0E09-46E6-9161-CC0E34F0886F}.Demo|x64.Build.0 = Debug|x64
		{C21D6151-0E09-46E6-9161-CC0E34F0886F}.Demo|x86.ActiveCfg = Debug|x86
		{C21D6151-0E09-46E6-9161-CC0E34F0886F}.Demo|x86.Build.0 = Debug|x86
		{C21D6151-0E09-46E6-9161-CC0E34F0886F}.Release|Any CPU.ActiveCfg = Release|Any CPU
		{C21D6151-0E09-46E6-9161-CC0E34F0886F}.Release|Any CPU.Build.0 = Release|Any CPU
		{C21D6151-0E09-46E6-9161-CC0E34F0886F}.Release|x64.ActiveCfg = Release|x64
		{C21D6151-0E09-46E6-9161-CC0E34F0886F}.Release|x64.Build.0 = Release|x64
		{C21D6151-0E09-46E6-9161-CC0E34F0886F}.Release|x86.ActiveCfg = Release|x86
		{C21D6151-0E09-46E6-9161-CC0E34F0886F}.Release|x86.Build.0 = Release|x86
		{C21D6151-0E09-46E6-9161-CC0E34F0886F}.Staging|Any CPU.ActiveCfg = Release|Any CPU
		{C21D6151-0E09-46E6-9161-CC0E34F0886F}.Staging|Any CPU.Build.0 = Release|Any CPU
		{C21D6151-0E09-46E6-9161-CC0E34F0886F}.Staging|x64.ActiveCfg = Release|x64
		{C21D6151-0E09-46E6-9161-CC0E34F0886F}.Staging|x64.Build.0 = Release|x64
		{C21D6151-0E09-46E6-9161-CC0E34F0886F}.Staging|x86.ActiveCfg = Release|x86
		{C21D6151-0E09-46E6-9161-CC0E34F0886F}.Staging|x86.Build.0 = Release|x86
		{F149F5A4-E4D5-4D72-ACDD-D304BC75AF27}.Debug|Any CPU.ActiveCfg = Debug|Any CPU
		{F149F5A4-E4D5-4D72-ACDD-D304BC75AF27}.Debug|Any CPU.Build.0 = Debug|Any CPU
		{F149F5A4-E4D5-4D72-ACDD-D304BC75AF27}.Debug|x64.ActiveCfg = Debug|x64
		{F149F5A4-E4D5-4D72-ACDD-D304BC75AF27}.Debug|x64.Build.0 = Debug|x64
		{F149F5A4-E4D5-4D72-ACDD-D304BC75AF27}.Debug|x86.ActiveCfg = Debug|x86
		{F149F5A4-E4D5-4D72-ACDD-D304BC75AF27}.Debug|x86.Build.0 = Debug|x86
		{F149F5A4-E4D5-4D72-ACDD-D304BC75AF27}.Demo|Any CPU.ActiveCfg = Debug|Any CPU
		{F149F5A4-E4D5-4D72-ACDD-D304BC75AF27}.Demo|Any CPU.Build.0 = Debug|Any CPU
		{F149F5A4-E4D5-4D72-ACDD-D304BC75AF27}.Demo|x64.ActiveCfg = Debug|x64
		{F149F5A4-E4D5-4D72-ACDD-D304BC75AF27}.Demo|x64.Build.0 = Debug|x64
		{F149F5A4-E4D5-4D72-ACDD-D304BC75AF27}.Demo|x86.ActiveCfg = Debug|x86
		{F149F5A4-E4D5-4D72-ACDD-D304BC75AF27}.Demo|x86.Build.0 = Debug|x86
		{F149F5A4-E4D5-4D72-ACDD-D304BC75AF27}.Release|Any CPU.ActiveCfg = Release|Any CPU
		{F149F5A4-E4D5-4D72-ACDD-D304BC75AF27}.Release|Any CPU.Build.0 = Release|Any CPU
		{F149F5A4-E4D5-4D72-ACDD-D304BC75AF27}.Release|x64.ActiveCfg = Release|x64
		{F149F5A4-E4D5-4D72-ACDD-D304BC75AF27}.Release|x64.Build.0 = Release|x64
		{F149F5A4-E4D5-4D72-ACDD-D304BC75AF27}.Release|x86.ActiveCfg = Release|x86
		{F149F5A4-E4D5-4D72-ACDD-D304BC75AF27}.Release|x86.Build.0 = Release|x86
		{F149F5A4-E4D5-4D72-ACDD-D304BC75AF27}.Staging|Any CPU.ActiveCfg = Release|Any CPU
		{F149F5A4-E4D5-4D72-ACDD-D304BC75AF27}.Staging|Any CPU.Build.0 = Release|Any CPU
		{F149F5A4-E4D5-4D72-ACDD-D304BC75AF27}.Staging|x64.ActiveCfg = Release|x64
		{F149F5A4-E4D5-4D72-ACDD-D304BC75AF27}.Staging|x64.Build.0 = Release|x64
		{F149F5A4-E4D5-4D72-ACDD-D304BC75AF27}.Staging|x86.ActiveCfg = Release|x86
		{F149F5A4-E4D5-4D72-ACDD-D304BC75AF27}.Staging|x86.Build.0 = Release|x86
		{DA2F034E-F4F2-4F02-95CC-225D69522D04}.Debug|Any CPU.ActiveCfg = Debug|Any CPU
		{DA2F034E-F4F2-4F02-95CC-225D69522D04}.Debug|Any CPU.Build.0 = Debug|Any CPU
		{DA2F034E-F4F2-4F02-95CC-225D69522D04}.Debug|x64.ActiveCfg = Debug|x64
		{DA2F034E-F4F2-4F02-95CC-225D69522D04}.Debug|x64.Build.0 = Debug|x64
		{DA2F034E-F4F2-4F02-95CC-225D69522D04}.Debug|x86.ActiveCfg = Debug|x86
		{DA2F034E-F4F2-4F02-95CC-225D69522D04}.Debug|x86.Build.0 = Debug|x86
		{DA2F034E-F4F2-4F02-95CC-225D69522D04}.Demo|Any CPU.ActiveCfg = Debug|Any CPU
		{DA2F034E-F4F2-4F02-95CC-225D69522D04}.Demo|Any CPU.Build.0 = Debug|Any CPU
		{DA2F034E-F4F2-4F02-95CC-225D69522D04}.Demo|x64.ActiveCfg = Debug|x64
		{DA2F034E-F4F2-4F02-95CC-225D69522D04}.Demo|x64.Build.0 = Debug|x64
		{DA2F034E-F4F2-4F02-95CC-225D69522D04}.Demo|x86.ActiveCfg = Debug|x86
		{DA2F034E-F4F2-4F02-95CC-225D69522D04}.Demo|x86.Build.0 = Debug|x86
		{DA2F034E-F4F2-4F02-95CC-225D69522D04}.Release|Any CPU.ActiveCfg = Release|Any CPU
		{DA2F034E-F4F2-4F02-95CC-225D69522D04}.Release|Any CPU.Build.0 = Release|Any CPU
		{DA2F034E-F4F2-4F02-95CC-225D69522D04}.Release|x64.ActiveCfg = Release|x64
		{DA2F034E-F4F2-4F02-95CC-225D69522D04}.Release|x64.Build.0 = Release|x64
		{DA2F034E-F4F2-4F02-95CC-225D69522D04}.Release|x86.ActiveCfg = Release|x86
		{DA2F034E-F4F2-4F02-95CC-225D69522D04}.Release|x86.Build.0 = Release|x86
		{DA2F034E-F4F2-4F02-95CC-225D69522D04}.Staging|Any CPU.ActiveCfg = Release|Any CPU
		{DA2F034E-F4F2-4F02-95CC-225D69522D04}.Staging|Any CPU.Build.0 = Release|Any CPU
		{DA2F034E-F4F2-4F02-95CC-225D69522D04}.Staging|x64.ActiveCfg = Release|x64
		{DA2F034E-F4F2-4F02-95CC-225D69522D04}.Staging|x64.Build.0 = Release|x64
		{DA2F034E-F4F2-4F02-95CC-225D69522D04}.Staging|x86.ActiveCfg = Release|x86
		{DA2F034E-F4F2-4F02-95CC-225D69522D04}.Staging|x86.Build.0 = Release|x86
		{7E8D64FC-A14B-416B-B54B-02D16D667F09}.Debug|Any CPU.ActiveCfg = Debug|Any CPU
		{7E8D64FC-A14B-416B-B54B-02D16D667F09}.Debug|Any CPU.Build.0 = Debug|Any CPU
		{7E8D64FC-A14B-416B-B54B-02D16D667F09}.Debug|x64.ActiveCfg = Debug|x64
		{7E8D64FC-A14B-416B-B54B-02D16D667F09}.Debug|x64.Build.0 = Debug|x64
		{7E8D64FC-A14B-416B-B54B-02D16D667F09}.Debug|x86.ActiveCfg = Debug|x86
		{7E8D64FC-A14B-416B-B54B-02D16D667F09}.Debug|x86.Build.0 = Debug|x86
		{7E8D64FC-A14B-416B-B54B-02D16D667F09}.Demo|Any CPU.ActiveCfg = Debug|Any CPU
		{7E8D64FC-A14B-416B-B54B-02D16D667F09}.Demo|Any CPU.Build.0 = Debug|Any CPU
		{7E8D64FC-A14B-416B-B54B-02D16D667F09}.Demo|x64.ActiveCfg = Debug|x64
		{7E8D64FC-A14B-416B-B54B-02D16D667F09}.Demo|x64.Build.0 = Debug|x64
		{7E8D64FC-A14B-416B-B54B-02D16D667F09}.Demo|x86.ActiveCfg = Debug|x86
		{7E8D64FC-A14B-416B-B54B-02D16D667F09}.Demo|x86.Build.0 = Debug|x86
		{7E8D64FC-A14B-416B-B54B-02D16D667F09}.Release|Any CPU.ActiveCfg = Release|Any CPU
		{7E8D64FC-A14B-416B-B54B-02D16D667F09}.Release|Any CPU.Build.0 = Release|Any CPU
		{7E8D64FC-A14B-416B-B54B-02D16D667F09}.Release|x64.ActiveCfg = Release|x64
		{7E8D64FC-A14B-416B-B54B-02D16D667F09}.Release|x64.Build.0 = Release|x64
		{7E8D64FC-A14B-416B-B54B-02D16D667F09}.Release|x86.ActiveCfg = Release|x86
		{7E8D64FC-A14B-416B-B54B-02D16D667F09}.Release|x86.Build.0 = Release|x86
		{7E8D64FC-A14B-416B-B54B-02D16D667F09}.Staging|Any CPU.ActiveCfg = Release|Any CPU
		{7E8D64FC-A14B-416B-B54B-02D16D667F09}.Staging|Any CPU.Build.0 = Release|Any CPU
		{7E8D64FC-A14B-416B-B54B-02D16D667F09}.Staging|x64.ActiveCfg = Release|x64
		{7E8D64FC-A14B-416B-B54B-02D16D667F09}.Staging|x64.Build.0 = Release|x64
		{7E8D64FC-A14B-416B-B54B-02D16D667F09}.Staging|x86.ActiveCfg = Release|x86
		{7E8D64FC-A14B-416B-B54B-02D16D667F09}.Staging|x86.Build.0 = Release|x86
		{147FFAE4-4340-4222-B232-15FDE6B85F7F}.Debug|Any CPU.ActiveCfg = Debug|Any CPU
		{147FFAE4-4340-4222-B232-15FDE6B85F7F}.Debug|Any CPU.Build.0 = Debug|Any CPU
		{147FFAE4-4340-4222-B232-15FDE6B85F7F}.Debug|x64.ActiveCfg = Debug|x64
		{147FFAE4-4340-4222-B232-15FDE6B85F7F}.Debug|x64.Build.0 = Debug|x64
		{147FFAE4-4340-4222-B232-15FDE6B85F7F}.Debug|x86.ActiveCfg = Debug|x86
		{147FFAE4-4340-4222-B232-15FDE6B85F7F}.Debug|x86.Build.0 = Debug|x86
		{147FFAE4-4340-4222-B232-15FDE6B85F7F}.Demo|Any CPU.ActiveCfg = Debug|Any CPU
		{147FFAE4-4340-4222-B232-15FDE6B85F7F}.Demo|Any CPU.Build.0 = Debug|Any CPU
		{147FFAE4-4340-4222-B232-15FDE6B85F7F}.Demo|x64.ActiveCfg = Debug|x64
		{147FFAE4-4340-4222-B232-15FDE6B85F7F}.Demo|x64.Build.0 = Debug|x64
		{147FFAE4-4340-4222-B232-15FDE6B85F7F}.Demo|x86.ActiveCfg = Debug|x86
		{147FFAE4-4340-4222-B232-15FDE6B85F7F}.Demo|x86.Build.0 = Debug|x86
		{147FFAE4-4340-4222-B232-15FDE6B85F7F}.Release|Any CPU.ActiveCfg = Release|Any CPU
		{147FFAE4-4340-4222-B232-15FDE6B85F7F}.Release|Any CPU.Build.0 = Release|Any CPU
		{147FFAE4-4340-4222-B232-15FDE6B85F7F}.Release|x64.ActiveCfg = Release|x64
		{147FFAE4-4340-4222-B232-15FDE6B85F7F}.Release|x64.Build.0 = Release|x64
		{147FFAE4-4340-4222-B232-15FDE6B85F7F}.Release|x86.ActiveCfg = Release|x86
		{147FFAE4-4340-4222-B232-15FDE6B85F7F}.Release|x86.Build.0 = Release|x86
		{147FFAE4-4340-4222-B232-15FDE6B85F7F}.Staging|Any CPU.ActiveCfg = Release|Any CPU
		{147FFAE4-4340-4222-B232-15FDE6B85F7F}.Staging|Any CPU.Build.0 = Release|Any CPU
		{147FFAE4-4340-4222-B232-15FDE6B85F7F}.Staging|x64.ActiveCfg = Release|x64
		{147FFAE4-4340-4222-B232-15FDE6B85F7F}.Staging|x64.Build.0 = Release|x64
		{147FFAE4-4340-4222-B232-15FDE6B85F7F}.Staging|x86.ActiveCfg = Release|x86
		{147FFAE4-4340-4222-B232-15FDE6B85F7F}.Staging|x86.Build.0 = Release|x86
		{A53E2FAB-033C-4569-BEA5-62974217D6F6}.Debug|Any CPU.ActiveCfg = Debug|Any CPU
		{A53E2FAB-033C-4569-BEA5-62974217D6F6}.Debug|Any CPU.Build.0 = Debug|Any CPU
		{A53E2FAB-033C-4569-BEA5-62974217D6F6}.Debug|x64.ActiveCfg = Debug|x64
		{A53E2FAB-033C-4569-BEA5-62974217D6F6}.Debug|x64.Build.0 = Debug|x64
		{A53E2FAB-033C-4569-BEA5-62974217D6F6}.Debug|x86.ActiveCfg = Debug|x86
		{A53E2FAB-033C-4569-BEA5-62974217D6F6}.Debug|x86.Build.0 = Debug|x86
		{A53E2FAB-033C-4569-BEA5-62974217D6F6}.Demo|Any CPU.ActiveCfg = Debug|Any CPU
		{A53E2FAB-033C-4569-BEA5-62974217D6F6}.Demo|Any CPU.Build.0 = Debug|Any CPU
		{A53E2FAB-033C-4569-BEA5-62974217D6F6}.Demo|x64.ActiveCfg = Debug|x64
		{A53E2FAB-033C-4569-BEA5-62974217D6F6}.Demo|x64.Build.0 = Debug|x64
		{A53E2FAB-033C-4569-BEA5-62974217D6F6}.Demo|x86.ActiveCfg = Debug|x86
		{A53E2FAB-033C-4569-BEA5-62974217D6F6}.Demo|x86.Build.0 = Debug|x86
		{A53E2FAB-033C-4569-BEA5-62974217D6F6}.Release|Any CPU.ActiveCfg = Release|Any CPU
		{A53E2FAB-033C-4569-BEA5-62974217D6F6}.Release|Any CPU.Build.0 = Release|Any CPU
		{A53E2FAB-033C-4569-BEA5-62974217D6F6}.Release|x64.ActiveCfg = Release|x64
		{A53E2FAB-033C-4569-BEA5-62974217D6F6}.Release|x64.Build.0 = Release|x64
		{A53E2FAB-033C-4569-BEA5-62974217D6F6}.Release|x86.ActiveCfg = Release|x86
		{A53E2FAB-033C-4569-BEA5-62974217D6F6}.Release|x86.Build.0 = Release|x86
		{A53E2FAB-033C-4569-BEA5-62974217D6F6}.Staging|Any CPU.ActiveCfg = Release|Any CPU
		{A53E2FAB-033C-4569-BEA5-62974217D6F6}.Staging|Any CPU.Build.0 = Release|Any CPU
		{A53E2FAB-033C-4569-BEA5-62974217D6F6}.Staging|x64.ActiveCfg = Release|x64
		{A53E2FAB-033C-4569-BEA5-62974217D6F6}.Staging|x64.Build.0 = Release|x64
		{A53E2FAB-033C-4569-BEA5-62974217D6F6}.Staging|x86.ActiveCfg = Release|x86
		{A53E2FAB-033C-4569-BEA5-62974217D6F6}.Staging|x86.Build.0 = Release|x86
		{BA69395B-858A-4237-B38A-9B6239549E78}.Debug|Any CPU.ActiveCfg = Debug|Any CPU
		{BA69395B-858A-4237-B38A-9B6239549E78}.Debug|Any CPU.Build.0 = Debug|Any CPU
		{BA69395B-858A-4237-B38A-9B6239549E78}.Debug|x64.ActiveCfg = Debug|x64
		{BA69395B-858A-4237-B38A-9B6239549E78}.Debug|x64.Build.0 = Debug|x64
		{BA69395B-858A-4237-B38A-9B6239549E78}.Debug|x86.ActiveCfg = Debug|x86
		{BA69395B-858A-4237-B38A-9B6239549E78}.Debug|x86.Build.0 = Debug|x86
		{BA69395B-858A-4237-B38A-9B6239549E78}.Demo|Any CPU.ActiveCfg = Debug|Any CPU
		{BA69395B-858A-4237-B38A-9B6239549E78}.Demo|Any CPU.Build.0 = Debug|Any CPU
		{BA69395B-858A-4237-B38A-9B6239549E78}.Demo|x64.ActiveCfg = Debug|x64
		{BA69395B-858A-4237-B38A-9B6239549E78}.Demo|x64.Build.0 = Debug|x64
		{BA69395B-858A-4237-B38A-9B6239549E78}.Demo|x86.ActiveCfg = Debug|x86
		{BA69395B-858A-4237-B38A-9B6239549E78}.Demo|x86.Build.0 = Debug|x86
		{BA69395B-858A-4237-B38A-9B6239549E78}.Release|Any CPU.ActiveCfg = Release|Any CPU
		{BA69395B-858A-4237-B38A-9B6239549E78}.Release|Any CPU.Build.0 = Release|Any CPU
		{BA69395B-858A-4237-B38A-9B6239549E78}.Release|x64.ActiveCfg = Release|x64
		{BA69395B-858A-4237-B38A-9B6239549E78}.Release|x64.Build.0 = Release|x64
		{BA69395B-858A-4237-B38A-9B6239549E78}.Release|x86.ActiveCfg = Release|x86
		{BA69395B-858A-4237-B38A-9B6239549E78}.Release|x86.Build.0 = Release|x86
		{BA69395B-858A-4237-B38A-9B6239549E78}.Staging|Any CPU.ActiveCfg = Release|Any CPU
		{BA69395B-858A-4237-B38A-9B6239549E78}.Staging|Any CPU.Build.0 = Release|Any CPU
		{BA69395B-858A-4237-B38A-9B6239549E78}.Staging|x64.ActiveCfg = Release|x64
		{BA69395B-858A-4237-B38A-9B6239549E78}.Staging|x64.Build.0 = Release|x64
		{BA69395B-858A-4237-B38A-9B6239549E78}.Staging|x86.ActiveCfg = Release|x86
		{BA69395B-858A-4237-B38A-9B6239549E78}.Staging|x86.Build.0 = Release|x86
		{4AA0367F-D78E-4C0E-8F73-7A6D35F11E69}.Debug|Any CPU.ActiveCfg = Debug|Any CPU
		{4AA0367F-D78E-4C0E-8F73-7A6D35F11E69}.Debug|Any CPU.Build.0 = Debug|Any CPU
		{4AA0367F-D78E-4C0E-8F73-7A6D35F11E69}.Debug|x64.ActiveCfg = Debug|x64
		{4AA0367F-D78E-4C0E-8F73-7A6D35F11E69}.Debug|x64.Build.0 = Debug|x64
		{4AA0367F-D78E-4C0E-8F73-7A6D35F11E69}.Debug|x86.ActiveCfg = Debug|x86
		{4AA0367F-D78E-4C0E-8F73-7A6D35F11E69}.Debug|x86.Build.0 = Debug|x86
		{4AA0367F-D78E-4C0E-8F73-7A6D35F11E69}.Demo|Any CPU.ActiveCfg = Debug|Any CPU
		{4AA0367F-D78E-4C0E-8F73-7A6D35F11E69}.Demo|Any CPU.Build.0 = Debug|Any CPU
		{4AA0367F-D78E-4C0E-8F73-7A6D35F11E69}.Demo|x64.ActiveCfg = Debug|x64
		{4AA0367F-D78E-4C0E-8F73-7A6D35F11E69}.Demo|x64.Build.0 = Debug|x64
		{4AA0367F-D78E-4C0E-8F73-7A6D35F11E69}.Demo|x86.ActiveCfg = Debug|x86
		{4AA0367F-D78E-4C0E-8F73-7A6D35F11E69}.Demo|x86.Build.0 = Debug|x86
		{4AA0367F-D78E-4C0E-8F73-7A6D35F11E69}.Release|Any CPU.ActiveCfg = Release|Any CPU
		{4AA0367F-D78E-4C0E-8F73-7A6D35F11E69}.Release|Any CPU.Build.0 = Release|Any CPU
		{4AA0367F-D78E-4C0E-8F73-7A6D35F11E69}.Release|x64.ActiveCfg = Release|x64
		{4AA0367F-D78E-4C0E-8F73-7A6D35F11E69}.Release|x64.Build.0 = Release|x64
		{4AA0367F-D78E-4C0E-8F73-7A6D35F11E69}.Release|x86.ActiveCfg = Release|x86
		{4AA0367F-D78E-4C0E-8F73-7A6D35F11E69}.Release|x86.Build.0 = Release|x86
		{4AA0367F-D78E-4C0E-8F73-7A6D35F11E69}.Staging|Any CPU.ActiveCfg = Release|Any CPU
		{4AA0367F-D78E-4C0E-8F73-7A6D35F11E69}.Staging|Any CPU.Build.0 = Release|Any CPU
		{4AA0367F-D78E-4C0E-8F73-7A6D35F11E69}.Staging|x64.ActiveCfg = Release|x64
		{4AA0367F-D78E-4C0E-8F73-7A6D35F11E69}.Staging|x64.Build.0 = Release|x64
		{4AA0367F-D78E-4C0E-8F73-7A6D35F11E69}.Staging|x86.ActiveCfg = Release|x86
		{4AA0367F-D78E-4C0E-8F73-7A6D35F11E69}.Staging|x86.Build.0 = Release|x86
		{4F85E0CC-A22C-47C0-812C-6D50AC6299D8}.Debug|Any CPU.ActiveCfg = Debug|Any CPU
		{4F85E0CC-A22C-47C0-812C-6D50AC6299D8}.Debug|Any CPU.Build.0 = Debug|Any CPU
		{4F85E0CC-A22C-47C0-812C-6D50AC6299D8}.Debug|x64.ActiveCfg = Debug|x64
		{4F85E0CC-A22C-47C0-812C-6D50AC6299D8}.Debug|x64.Build.0 = Debug|x64
		{4F85E0CC-A22C-47C0-812C-6D50AC6299D8}.Debug|x86.ActiveCfg = Debug|x86
		{4F85E0CC-A22C-47C0-812C-6D50AC6299D8}.Debug|x86.Build.0 = Debug|x86
		{4F85E0CC-A22C-47C0-812C-6D50AC6299D8}.Demo|Any CPU.ActiveCfg = Demo|Any CPU
		{4F85E0CC-A22C-47C0-812C-6D50AC6299D8}.Demo|Any CPU.Build.0 = Demo|Any CPU
		{4F85E0CC-A22C-47C0-812C-6D50AC6299D8}.Demo|x64.ActiveCfg = Demo|x64
		{4F85E0CC-A22C-47C0-812C-6D50AC6299D8}.Demo|x64.Build.0 = Demo|x64
		{4F85E0CC-A22C-47C0-812C-6D50AC6299D8}.Demo|x86.ActiveCfg = Demo|x86
		{4F85E0CC-A22C-47C0-812C-6D50AC6299D8}.Demo|x86.Build.0 = Demo|x86
		{4F85E0CC-A22C-47C0-812C-6D50AC6299D8}.Release|Any CPU.ActiveCfg = Release|Any CPU
		{4F85E0CC-A22C-47C0-812C-6D50AC6299D8}.Release|Any CPU.Build.0 = Release|Any CPU
		{4F85E0CC-A22C-47C0-812C-6D50AC6299D8}.Release|x64.ActiveCfg = Release|x64
		{4F85E0CC-A22C-47C0-812C-6D50AC6299D8}.Release|x64.Build.0 = Release|x64
		{4F85E0CC-A22C-47C0-812C-6D50AC6299D8}.Release|x86.ActiveCfg = Release|x86
		{4F85E0CC-A22C-47C0-812C-6D50AC6299D8}.Release|x86.Build.0 = Release|x86
		{4F85E0CC-A22C-47C0-812C-6D50AC6299D8}.Staging|Any CPU.ActiveCfg = Staging|Any CPU
		{4F85E0CC-A22C-47C0-812C-6D50AC6299D8}.Staging|Any CPU.Build.0 = Staging|Any CPU
		{4F85E0CC-A22C-47C0-812C-6D50AC6299D8}.Staging|x64.ActiveCfg = Staging|x64
		{4F85E0CC-A22C-47C0-812C-6D50AC6299D8}.Staging|x64.Build.0 = Staging|x64
		{4F85E0CC-A22C-47C0-812C-6D50AC6299D8}.Staging|x86.ActiveCfg = Staging|x86
		{4F85E0CC-A22C-47C0-812C-6D50AC6299D8}.Staging|x86.Build.0 = Staging|x86
		{A8E7593B-760A-4FCA-8889-0A59829BD2AC}.Debug|Any CPU.ActiveCfg = Debug|Any CPU
		{A8E7593B-760A-4FCA-8889-0A59829BD2AC}.Debug|Any CPU.Build.0 = Debug|Any CPU
		{A8E7593B-760A-4FCA-8889-0A59829BD2AC}.Debug|x64.ActiveCfg = Debug|x64
		{A8E7593B-760A-4FCA-8889-0A59829BD2AC}.Debug|x64.Build.0 = Debug|x64
		{A8E7593B-760A-4FCA-8889-0A59829BD2AC}.Debug|x86.ActiveCfg = Debug|x86
		{A8E7593B-760A-4FCA-8889-0A59829BD2AC}.Debug|x86.Build.0 = Debug|x86
		{A8E7593B-760A-4FCA-8889-0A59829BD2AC}.Demo|Any CPU.ActiveCfg = Demo|Any CPU
		{A8E7593B-760A-4FCA-8889-0A59829BD2AC}.Demo|Any CPU.Build.0 = Demo|Any CPU
		{A8E7593B-760A-4FCA-8889-0A59829BD2AC}.Demo|x64.ActiveCfg = Demo|x64
		{A8E7593B-760A-4FCA-8889-0A59829BD2AC}.Demo|x64.Build.0 = Demo|x64
		{A8E7593B-760A-4FCA-8889-0A59829BD2AC}.Demo|x86.ActiveCfg = Demo|x86
		{A8E7593B-760A-4FCA-8889-0A59829BD2AC}.Demo|x86.Build.0 = Demo|x86
		{A8E7593B-760A-4FCA-8889-0A59829BD2AC}.Release|Any CPU.ActiveCfg = Release|Any CPU
		{A8E7593B-760A-4FCA-8889-0A59829BD2AC}.Release|Any CPU.Build.0 = Release|Any CPU
		{A8E7593B-760A-4FCA-8889-0A59829BD2AC}.Release|x64.ActiveCfg = Release|x64
		{A8E7593B-760A-4FCA-8889-0A59829BD2AC}.Release|x64.Build.0 = Release|x64
		{A8E7593B-760A-4FCA-8889-0A59829BD2AC}.Release|x86.ActiveCfg = Release|x86
		{A8E7593B-760A-4FCA-8889-0A59829BD2AC}.Release|x86.Build.0 = Release|x86
		{A8E7593B-760A-4FCA-8889-0A59829BD2AC}.Staging|Any CPU.ActiveCfg = Staging|Any CPU
		{A8E7593B-760A-4FCA-8889-0A59829BD2AC}.Staging|Any CPU.Build.0 = Staging|Any CPU
		{A8E7593B-760A-4FCA-8889-0A59829BD2AC}.Staging|x64.ActiveCfg = Staging|x64
		{A8E7593B-760A-4FCA-8889-0A59829BD2AC}.Staging|x64.Build.0 = Staging|x64
		{A8E7593B-760A-4FCA-8889-0A59829BD2AC}.Staging|x86.ActiveCfg = Staging|x86
		{A8E7593B-760A-4FCA-8889-0A59829BD2AC}.Staging|x86.Build.0 = Staging|x86
		{131C5264-F4A1-4914-A1AA-CB63C7437A39}.Debug|Any CPU.ActiveCfg = Debug|Any CPU
		{131C5264-F4A1-4914-A1AA-CB63C7437A39}.Debug|Any CPU.Build.0 = Debug|Any CPU
		{131C5264-F4A1-4914-A1AA-CB63C7437A39}.Debug|x64.ActiveCfg = Debug|x64
		{131C5264-F4A1-4914-A1AA-CB63C7437A39}.Debug|x64.Build.0 = Debug|x64
		{131C5264-F4A1-4914-A1AA-CB63C7437A39}.Debug|x86.ActiveCfg = Debug|x86
		{131C5264-F4A1-4914-A1AA-CB63C7437A39}.Debug|x86.Build.0 = Debug|x86
		{131C5264-F4A1-4914-A1AA-CB63C7437A39}.Demo|Any CPU.ActiveCfg = Demo|Any CPU
		{131C5264-F4A1-4914-A1AA-CB63C7437A39}.Demo|Any CPU.Build.0 = Demo|Any CPU
		{131C5264-F4A1-4914-A1AA-CB63C7437A39}.Demo|x64.ActiveCfg = Demo|x64
		{131C5264-F4A1-4914-A1AA-CB63C7437A39}.Demo|x64.Build.0 = Demo|x64
		{131C5264-F4A1-4914-A1AA-CB63C7437A39}.Demo|x86.ActiveCfg = Demo|x86
		{131C5264-F4A1-4914-A1AA-CB63C7437A39}.Demo|x86.Build.0 = Demo|x86
		{131C5264-F4A1-4914-A1AA-CB63C7437A39}.Release|Any CPU.ActiveCfg = Release|Any CPU
		{131C5264-F4A1-4914-A1AA-CB63C7437A39}.Release|Any CPU.Build.0 = Release|Any CPU
		{131C5264-F4A1-4914-A1AA-CB63C7437A39}.Release|x64.ActiveCfg = Release|x64
		{131C5264-F4A1-4914-A1AA-CB63C7437A39}.Release|x64.Build.0 = Release|x64
		{131C5264-F4A1-4914-A1AA-CB63C7437A39}.Release|x86.ActiveCfg = Release|x86
		{131C5264-F4A1-4914-A1AA-CB63C7437A39}.Release|x86.Build.0 = Release|x86
		{131C5264-F4A1-4914-A1AA-CB63C7437A39}.Staging|Any CPU.ActiveCfg = Staging|Any CPU
		{131C5264-F4A1-4914-A1AA-CB63C7437A39}.Staging|Any CPU.Build.0 = Staging|Any CPU
		{131C5264-F4A1-4914-A1AA-CB63C7437A39}.Staging|x64.ActiveCfg = Staging|x64
		{131C5264-F4A1-4914-A1AA-CB63C7437A39}.Staging|x64.Build.0 = Staging|x64
		{131C5264-F4A1-4914-A1AA-CB63C7437A39}.Staging|x86.ActiveCfg = Staging|x86
		{131C5264-F4A1-4914-A1AA-CB63C7437A39}.Staging|x86.Build.0 = Staging|x86
	EndGlobalSection
	GlobalSection(SolutionProperties) = preSolution
		HideSolutionNode = FALSE
	EndGlobalSection
	GlobalSection(ExtensibilityGlobals) = postSolution
		SolutionGuid = {64C519D3-02FB-49B2-89A1-EE4837D6197C}
	EndGlobalSection
EndGlobal
